
Microsoft Visual Studio Solution File, Format Version 12.00
# Visual Studio Version 17
VisualStudioVersion = 17.14.36221.1 d17.14
MinimumVisualStudioVersion = 10.0.40219.1
Project("{FAE04EC0-301F-11D3-BF4B-00C04F79EFBC}") = "DataReader", "DataReader\DataReader.csproj", "{A80CF838-CA82-4EE3-A5FB-021F8C680C28}"
EndProject
Global
	GlobalSection(SolutionConfigurationPlatforms) = preSolution
		Debug|Any CPU = Debug|Any CPU
		Release|Any CPU = Release|Any CPU
	EndGlobalSection
	GlobalSection(ProjectConfigurationPlatforms) = postSolution
		{A80CF838-CA82-4EE3-A5FB-021F8C680C28}.Debug|Any CPU.ActiveCfg = Debug|Any CPU
		{A80CF838-CA82-4EE3-A5FB-021F8C680C28}.Debug|Any CPU.Build.0 = Debug|Any CPU
		{A80CF838-CA82-4EE3-A5FB-021F8C680C28}.Release|Any CPU.ActiveCfg = Release|Any CPU
		{A80CF838-CA82-4EE3-A5FB-021F8C680C28}.Release|Any CPU.Build.0 = Release|Any CPU
	EndGlobalSection
	GlobalSection(SolutionProperties) = preSolution
		HideSolutionNode = FALSE
	EndGlobalSection
	GlobalSection(ExtensibilityGlobals) = postSolution
		SolutionGuid = {F46EC7A2-70DC-4B52-BF9E-60B871FC442E}
	EndGlobalSection
EndGlobal
