
Microsoft Visual Studio Solution File, Format Version 12.00
# Visual Studio Version 17
VisualStudioVersion = 17.14.36221.1 d17.14
MinimumVisualStudioVersion = 10.0.40219.1
Project("{FAE04EC0-301F-11D3-BF4B-00C04F79EFBC}") = "FoodProviderAPI.Application", "FoodProviderAPI.Application\FoodProviderAPI.Application.csproj", "{337788B4-FC36-463A-8B42-215DF35E00B5}"
EndProject
Project("{FAE04EC0-301F-11D3-BF4B-00C04F79EFBC}") = "FoodProviderAPI.Common", "FoodProviderAPI.Common\FoodProviderAPI.Common.csproj", "{DD92F495-DC62-4DFD-B2E3-2203ED69122A}"
EndProject
Project("{FAE04EC0-301F-11D3-BF4B-00C04F79EFBC}") = "FoodProviderAPI.Domain", "FoodProviderAPI.Domain\FoodProviderAPI.Domain.csproj", "{71FB7AA5-6D8B-4A6D-B86E-DF1DB8031739}"
EndProject
Project("{FAE04EC0-301F-11D3-BF4B-00C04F79EFBC}") = "FoodProviderAPI.Persistence", "FoodProviderAPI.Persistence\FoodProviderAPI.Persistence.csproj", "{ACDC7FEE-E539-4452-91D4-F5ECF38323EE}"
EndProject
Project("{FAE04EC0-301F-11D3-BF4B-00C04F79EFBC}") = "FoodProviderAPI.EndPoint", "FoodProviderAPI.EndPoint\FoodProviderAPI.EndPoint.csproj", "{2A7626D6-2F7E-4EFF-A7B8-35535DB7730F}"
EndProject
Global
	GlobalSection(SolutionConfigurationPlatforms) = preSolution
		Debug|Any CPU = Debug|Any CPU
		Release|Any CPU = Release|Any CPU
	EndGlobalSection
	GlobalSection(ProjectConfigurationPlatforms) = postSolution
		{337788B4-FC36-463A-8B42-215DF35E00B5}.Debug|Any CPU.ActiveCfg = Debug|Any CPU
		{337788B4-FC36-463A-8B42-215DF35E00B5}.Debug|Any CPU.Build.0 = Debug|Any CPU
		{337788B4-FC36-463A-8B42-215DF35E00B5}.Release|Any CPU.ActiveCfg = Release|Any CPU
		{337788B4-FC36-463A-8B42-215DF35E00B5}.Release|Any CPU.Build.0 = Release|Any CPU
		{DD92F495-DC62-4DFD-B2E3-2203ED69122A}.Debug|Any CPU.ActiveCfg = Debug|Any CPU
		{DD92F495-DC62-4DFD-B2E3-2203ED69122A}.Debug|Any CPU.Build.0 = Debug|Any CPU
		{DD92F495-DC62-4DFD-B2E3-2203ED69122A}.Release|Any CPU.ActiveCfg = Release|Any CPU
		{DD92F495-DC62-4DFD-B2E3-2203ED69122A}.Release|Any CPU.Build.0 = Release|Any CPU
		{71FB7AA5-6D8B-4A6D-B86E-DF1DB8031739}.Debug|Any CPU.ActiveCfg = Debug|Any CPU
		{71FB7AA5-6D8B-4A6D-B86E-DF1DB8031739}.Debug|Any CPU.Build.0 = Debug|Any CPU
		{71FB7AA5-6D8B-4A6D-B86E-DF1DB8031739}.Release|Any CPU.ActiveCfg = Release|Any CPU
		{71FB7AA5-6D8B-4A6D-B86E-DF1DB8031739}.Release|Any CPU.Build.0 = Release|Any CPU
		{ACDC7FEE-E539-4452-91D4-F5ECF38323EE}.Debug|Any CPU.ActiveCfg = Debug|Any CPU
		{ACDC7FEE-E539-4452-91D4-F5ECF38323EE}.Debug|Any CPU.Build.0 = Debug|Any CPU
		{ACDC7FEE-E539-4452-91D4-F5ECF38323EE}.Release|Any CPU.ActiveCfg = Release|Any CPU
		{ACDC7FEE-E539-4452-91D4-F5ECF38323EE}.Release|Any CPU.Build.0 = Release|Any CPU
		{2A7626D6-2F7E-4EFF-A7B8-35535DB7730F}.Debug|Any CPU.ActiveCfg = Debug|Any CPU
		{2A7626D6-2F7E-4EFF-A7B8-35535DB7730F}.Debug|Any CPU.Build.0 = Debug|Any CPU
		{2A7626D6-2F7E-4EFF-A7B8-35535DB7730F}.Release|Any CPU.ActiveCfg = Release|Any CPU
		{2A7626D6-2F7E-4EFF-A7B8-35535DB7730F}.Release|Any CPU.Build.0 = Release|Any CPU
	EndGlobalSection
	GlobalSection(SolutionProperties) = preSolution
		HideSolutionNode = FALSE
	EndGlobalSection
	GlobalSection(ExtensibilityGlobals) = postSolution
		SolutionGuid = {D6E7E7AB-6F69-44E7-B0C2-9A940EF74BAD}
	EndGlobalSection
EndGlobal
